
Microsoft Visual Studio Solution File, Format Version 12.00
# Visual Studio Version 17
VisualStudioVersion = 17.12.35527.113 d17.12
MinimumVisualStudioVersion = 10.0.40219.1
Project("{FAE04EC0-301F-11D3-BF4B-00C04F79EFBC}") = "EnigmaVault.WPF.Client", "EnigmaVault.WPF.Client\EnigmaVault.WPF.Client.csproj", "{A0009891-EBC5-4FBC-893E-E25668DBDAE1}"
EndProject
Project("{FAE04EC0-301F-11D3-BF4B-00C04F79EFBC}") = "EnigmaVault.Application", "EnigmaVault.Application\EnigmaVault.Application.csproj", "{BDC1CCEC-2E31-4D90-B1DB-A4DDC3ADD9B0}"
EndProject
Project("{FAE04EC0-301F-11D3-BF4B-00C04F79EFBC}") = "EnigmaVault.Domain", "EnigmaVault.Domain\EnigmaVault.Domain.csproj", "{CEA717A6-004B-43A1-B632-284B9838BEFB}"
EndProject
Project("{FAE04EC0-301F-11D3-BF4B-00C04F79EFBC}") = "EnigmaVault.Infrastructure", "EnigmaVault.Infrastructure\EnigmaVault.Infrastructure.csproj", "{A48EAD7B-6AD8-49F6-B8EF-8CD230C81A9B}"
EndProject
Global
	GlobalSection(SolutionConfigurationPlatforms) = preSolution
		Debug|Any CPU = Debug|Any CPU
		Release|Any CPU = Release|Any CPU
	EndGlobalSection
	GlobalSection(ProjectConfigurationPlatforms) = postSolution
		{A0009891-EBC5-4FBC-893E-E25668DBDAE1}.Debug|Any CPU.ActiveCfg = Debug|Any CPU
		{A0009891-EBC5-4FBC-893E-E25668DBDAE1}.Debug|Any CPU.Build.0 = Debug|Any CPU
		{A0009891-EBC5-4FBC-893E-E25668DBDAE1}.Release|Any CPU.ActiveCfg = Release|Any CPU
		{A0009891-EBC5-4FBC-893E-E25668DBDAE1}.Release|Any CPU.Build.0 = Release|Any CPU
		{BDC1CCEC-2E31-4D90-B1DB-A4DDC3ADD9B0}.Debug|Any CPU.ActiveCfg = Debug|Any CPU
		{BDC1CCEC-2E31-4D90-B1DB-A4DDC3ADD9B0}.Debug|Any CPU.Build.0 = Debug|Any CPU
		{BDC1CCEC-2E31-4D90-B1DB-A4DDC3ADD9B0}.Release|Any CPU.ActiveCfg = Release|Any CPU
		{BDC1CCEC-2E31-4D90-B1DB-A4DDC3ADD9B0}.Release|Any CPU.Build.0 = Release|Any CPU
		{CEA717A6-004B-43A1-B632-284B9838BEFB}.Debug|Any CPU.ActiveCfg = Debug|Any CPU
		{CEA717A6-004B-43A1-B632-284B9838BEFB}.Debug|Any CPU.Build.0 = Debug|Any CPU
		{CEA717A6-004B-43A1-B632-284B9838BEFB}.Release|Any CPU.ActiveCfg = Release|Any CPU
		{CEA717A6-004B-43A1-B632-284B9838BEFB}.Release|Any CPU.Build.0 = Release|Any CPU
		{A48EAD7B-6AD8-49F6-B8EF-8CD230C81A9B}.Debug|Any CPU.ActiveCfg = Debug|Any CPU
		{A48EAD7B-6AD8-49F6-B8EF-8CD230C81A9B}.Debug|Any CPU.Build.0 = Debug|Any CPU
		{A48EAD7B-6AD8-49F6-B8EF-8CD230C81A9B}.Release|Any CPU.ActiveCfg = Release|Any CPU
		{A48EAD7B-6AD8-49F6-B8EF-8CD230C81A9B}.Release|Any CPU.Build.0 = Release|Any CPU
	EndGlobalSection
	GlobalSection(SolutionProperties) = preSolution
		HideSolutionNode = FALSE
	EndGlobalSection
EndGlobal
